
Microsoft Visual Studio Solution File, Format Version 12.00
# Visual Studio Version 16
VisualStudioVersion = 25.0.1706.14
MinimumVisualStudioVersion = 10.0.40219.1
Project("{FAE04EC0-301F-11D3-BF4B-00C04F79EFBC}") = "КТ 1", "КТ 1\КТ 1.csproj", "{ADC21190-260D-41F5-AA07-B4473F2F0E0D}"
EndProject
Global
	GlobalSection(SolutionConfigurationPlatforms) = preSolution
		Debug|Any CPU = Debug|Any CPU
		Release|Any CPU = Release|Any CPU
	EndGlobalSection
	GlobalSection(ProjectConfigurationPlatforms) = postSolution
		{ADC21190-260D-41F5-AA07-B4473F2F0E0D}.Debug|Any CPU.ActiveCfg = Debug|Any CPU
		{ADC21190-260D-41F5-AA07-B4473F2F0E0D}.Debug|Any CPU.Build.0 = Debug|Any CPU
		{ADC21190-260D-41F5-AA07-B4473F2F0E0D}.Release|Any CPU.ActiveCfg = Release|Any CPU
		{ADC21190-260D-41F5-AA07-B4473F2F0E0D}.Release|Any CPU.Build.0 = Release|Any CPU
	EndGlobalSection
	GlobalSection(SolutionProperties) = preSolution
		HideSolutionNode = FALSE
	EndGlobalSection
	GlobalSection(ExtensibilityGlobals) = postSolution
		SolutionGuid = {1656B9F3-8D32-4C10-A5D3-8A1E32C84A80}
	EndGlobalSection
EndGlobal
